// !$*UTF8*$!
{
	archiveVersion = 1;
	classes = {
	};
	objectVersion = 50;
	objects = {

/* Begin PBXBuildFile section */
		FCC86FE6236B517B0097742D /* AppDelegate.swift in Sources */ = {isa = PBXBuildFile; fileRef = FCC86FE5236B517B0097742D /* AppDelegate.swift */; };
		FCC86FE8236B517B0097742D /* SceneDelegate.swift in Sources */ = {isa = PBXBuildFile; fileRef = FCC86FE7236B517B0097742D /* SceneDelegate.swift */; };
		FCC86FEA236B517B0097742D /* ViewController.swift in Sources */ = {isa = PBXBuildFile; fileRef = FCC86FE9236B517B0097742D /* ViewController.swift */; };
		FCC86FEF236B51850097742D /* Assets.xcassets in Resources */ = {isa = PBXBuildFile; fileRef = FCC86FEE236B51850097742D /* Assets.xcassets */; };
		FCC86FF2236B51850097742D /* LaunchScreen.storyboard in Resources */ = {isa = PBXBuildFile; fileRef = FCC86FF0236B51850097742D /* LaunchScreen.storyboard */; };
		FCC86FFA236B5F800097742D /* YOLOv3Tiny.mlmodel in Sources */ = {isa = PBXBuildFile; fileRef = FCC86FF9236B5F800097742D /* YOLOv3Tiny.mlmodel */; };
		FCC86FFC236B6F880097742D /* SqueezeNet.mlmodel in Sources */ = {isa = PBXBuildFile; fileRef = FCC86FFB236B6F880097742D /* SqueezeNet.mlmodel */; };
		FCC86FFE236B73510097742D /* Resnet50.mlmodel in Sources */ = {isa = PBXBuildFile; fileRef = FCC86FFD236B73510097742D /* Resnet50.mlmodel */; };
/* End PBXBuildFile section */

/* Begin PBXFileReference section */
		FCC86FE2236B517B0097742D /* ml-practice.app */ = {isa = PBXFileReference; explicitFileType = wrapper.application; includeInIndex = 0; path = "ml-practice.app"; sourceTree = BUILT_PRODUCTS_DIR; };
		FCC86FE5236B517B0097742D /* AppDelegate.swift */ = {isa = PBXFileReference; lastKnownFileType = sourcecode.swift; path = AppDelegate.swift; sourceTree = "<group>"; };
		FCC86FE7236B517B0097742D /* SceneDelegate.swift */ = {isa = PBXFileReference; lastKnownFileType = sourcecode.swift; path = SceneDelegate.swift; sourceTree = "<group>"; };
		FCC86FE9236B517B0097742D /* ViewController.swift */ = {isa = PBXFileReference; lastKnownFileType = sourcecode.swift; path = ViewController.swift; sourceTree = "<group>"; };
		FCC86FEE236B51850097742D /* Assets.xcassets */ = {isa = PBXFileReference; lastKnownFileType = folder.assetcatalog; path = Assets.xcassets; sourceTree = "<group>"; };
		FCC86FF1236B51850097742D /* Base */ = {isa = PBXFileReference; lastKnownFileType = file.storyboard; name = Base; path = Base.lproj/LaunchScreen.storyboard; sourceTree = "<group>"; };
		FCC86FF3236B51850097742D /* Info.plist */ = {isa = PBXFileReference; lastKnownFileType = text.plist.xml; path = Info.plist; sourceTree = "<group>"; };
		FCC86FF9236B5F800097742D /* YOLOv3Tiny.mlmodel */ = {isa = PBXFileReference; lastKnownFileType = file.mlmodel; path = YOLOv3Tiny.mlmodel; sourceTree = "<group>"; };
		FCC86FFB236B6F880097742D /* SqueezeNet.mlmodel */ = {isa = PBXFileReference; lastKnownFileType = file.mlmodel; path = SqueezeNet.mlmodel; sourceTree = "<group>"; };
		FCC86FFD236B73510097742D /* Resnet50.mlmodel */ = {isa = PBXFileReference; lastKnownFileType = file.mlmodel; path = Resnet50.mlmodel; sourceTree = "<group>"; };
/* End PBXFileReference section */

/* Begin PBXFrameworksBuildPhase section */
		FCC86FDF236B517B0097742D /* Frameworks */ = {
			isa = PBXFrameworksBuildPhase;
			buildActionMask = 2147483647;
			files = (
			);
			runOnlyForDeploymentPostprocessing = 0;
		};
/* End PBXFrameworksBuildPhase section */

/* Begin PBXGroup section */
		FCC86FD9236B517B0097742D = {
			isa = PBXGroup;
			children = (
				FCC86FE4236B517B0097742D /* ml-practice */,
				FCC86FE3236B517B0097742D /* Products */,
			);
			sourceTree = "<group>";
		};
		FCC86FE3236B517B0097742D /* Products */ = {
			isa = PBXGroup;
			children = (
				FCC86FE2236B517B0097742D /* ml-practice.app */,
			);
			name = Products;
			sourceTree = "<group>";
		};
		FCC86FE4236B517B0097742D /* ml-practice */ = {
			isa = PBXGroup;
			children = (
				FCC86FE5236B517B0097742D /* AppDelegate.swift */,
				FCC86FE7236B517B0097742D /* SceneDelegate.swift */,
				FCC86FE9236B517B0097742D /* ViewController.swift */,
				FCC86FFD236B73510097742D /* Resnet50.mlmodel */,
				FCC86FFB236B6F880097742D /* SqueezeNet.mlmodel */,
				FCC86FF9236B5F800097742D /* YOLOv3Tiny.mlmodel */,
				FCC86FEE236B51850097742D /* Assets.xcassets */,
				FCC86FF0236B51850097742D /* LaunchScreen.storyboard */,
				FCC86FF3236B51850097742D /* Info.plist */,
			);
			path = "ml-practice";
			sourceTree = "<group>";
		};
/* End PBXGroup section */

/* Begin PBXNativeTarget section */
		FCC86FE1236B517B0097742D /* ml-practice */ = {
			isa = PBXNativeTarget;
			buildConfigurationList = FCC86FF6236B51850097742D /* Build configuration list for PBXNativeTarget "ml-practice" */;
			buildPhases = (
				FCC86FDE236B517B0097742D /* Sources */,
				FCC86FDF236B517B0097742D /* Frameworks */,
				FCC86FE0236B517B0097742D /* Resources */,
			);
			buildRules = (
			);
			dependencies = (
			);
			name = "ml-practice";
			productName = "ml-practice";
			productReference = FCC86FE2236B517B0097742D /* ml-practice.app */;
			productType = "com.apple.product-type.application";
		};
/* End PBXNativeTarget section */

/* Begin PBXProject section */
		FCC86FDA236B517B0097742D /* Project object */ = {
			isa = PBXProject;
			attributes = {
				LastSwiftUpdateCheck = 1100;
				LastUpgradeCheck = 1100;
				ORGANIZATIONNAME = "Levi Davis";
				TargetAttributes = {
					FCC86FE1236B517B0097742D = {
						CreatedOnToolsVersion = 11.0;
					};
				};
			};
			buildConfigurationList = FCC86FDD236B517B0097742D /* Build configuration list for PBXProject "ml-practice" */;
			compatibilityVersion = "Xcode 9.3";
			developmentRegion = en;
			hasScannedForEncodings = 0;
			knownRegions = (
				en,
				Base,
			);
			mainGroup = FCC86FD9236B517B0097742D;
			productRefGroup = FCC86FE3236B517B0097742D /* Products */;
			projectDirPath = "";
			projectRoot = "";
			targets = (
				FCC86FE1236B517B0097742D /* ml-practice */,
			);
		};
/* End PBXProject section */

/* Begin PBXResourcesBuildPhase section */
		FCC86FE0236B517B0097742D /* Resources */ = {
			isa = PBXResourcesBuildPhase;
			buildActionMask = 2147483647;
			files = (
				FCC86FF2236B51850097742D /* LaunchScreen.storyboard in Resources */,
				FCC86FEF236B51850097742D /* Assets.xcassets in Resources */,
			);
			runOnlyForDeploymentPostprocessing = 0;
		};
/* End PBXResourcesBuildPhase section */

/* Begin PBXSourcesBuildPhase section */
		FCC86FDE236B517B0097742D /* Sources */ = {
			isa = PBXSourcesBuildPhase;
			buildActionMask = 2147483647;
			files = (
				FCC86FEA236B517B0097742D /* ViewController.swift in Sources */,
				FCC86FE6236B517B0097742D /* AppDelegate.swift in Sources */,
				FCC86FFC236B6F880097742D /* SqueezeNet.mlmodel in Sources */,
				FCC86FFA236B5F800097742D /* YOLOv3Tiny.mlmodel in Sources */,
				FCC86FFE236B73510097742D /* Resnet50.mlmodel in Sources */,
				FCC86FE8236B517B0097742D /* SceneDelegate.swift in Sources */,
			);
			runOnlyForDeploymentPostprocessing = 0;
		};
/* End PBXSourcesBuildPhase section */

/* Begin PBXVariantGroup section */
		FCC86FF0236B51850097742D /* LaunchScreen.storyboard */ = {
			isa = PBXVariantGroup;
			children = (
				FCC86FF1236B51850097742D /* Base */,
			);
			name = LaunchScreen.storyboard;
			sourceTree = "<group>";
		};
/* End PBXVariantGroup section */

/* Begin XCBuildConfiguration section */
		FCC86FF4236B51850097742D /* Debug */ = {
			isa = XCBuildConfiguration;
			buildSettings = {
				ALWAYS_SEARCH_USER_PATHS = NO;
				CLANG_ANALYZER_NONNULL = YES;
				CLANG_ANALYZER_NUMBER_OBJECT_CONVERSION = YES_AGGRESSIVE;
				CLANG_CXX_LANGUAGE_STANDARD = "gnu++14";
				CLANG_CXX_LIBRARY = "libc++";
				CLANG_ENABLE_MODULES = YES;
				CLANG_ENABLE_OBJC_ARC = YES;
				CLANG_ENABLE_OBJC_WEAK = YES;
				CLANG_WARN_BLOCK_CAPTURE_AUTORELEASING = YES;
				CLANG_WARN_BOOL_CONVERSION = YES;
				CLANG_WARN_COMMA = YES;
				CLANG_WARN_CONSTANT_CONVERSION = YES;
				CLANG_WARN_DEPRECATED_OBJC_IMPLEMENTATIONS = YES;
				CLANG_WARN_DIRECT_OBJC_ISA_USAGE = YES_ERROR;
				CLANG_WARN_DOCUMENTATION_COMMENTS = YES;
				CLANG_WARN_EMPTY_BODY = YES;
				CLANG_WARN_ENUM_CONVERSION = YES;
				CLANG_WARN_INFINITE_RECURSION = YES;
				CLANG_WARN_INT_CONVERSION = YES;
				CLANG_WARN_NON_LITERAL_NULL_CONVERSION = YES;
				CLANG_WARN_OBJC_IMPLICIT_RETAIN_SELF = YES;
				CLANG_WARN_OBJC_LITERAL_CONVERSION = YES;
				CLANG_WARN_OBJC_ROOT_CLASS = YES_ERROR;
				CLANG_WARN_RANGE_LOOP_ANALYSIS = YES;
				CLANG_WARN_STRICT_PROTOTYPES = YES;
				CLANG_WARN_SUSPICIOUS_MOVE = YES;
				CLANG_WARN_UNGUARDED_AVAILABILITY = YES_AGGRESSIVE;
				CLANG_WARN_UNREACHABLE_CODE = YES;
				CLANG_WARN__DUPLICATE_METHOD_MATCH = YES;
				COPY_PHASE_STRIP = NO;
				DEBUG_INFORMATION_FORMAT = dwarf;
				ENABLE_STRICT_OBJC_MSGSEND = YES;
				ENABLE_TESTABILITY = YES;
				GCC_C_LANGUAGE_STANDARD = gnu11;
				GCC_DYNAMIC_NO_PIC = NO;
				GCC_NO_COMMON_BLOCKS = YES;
				GCC_OPTIMIZATION_LEVEL = 0;
				GCC_PREPROCESSOR_DEFINITIONS = (
					"DEBUG=1",
					"$(inherited)",
				);
				GCC_WARN_64_TO_32_BIT_CONVERSION = YES;
				GCC_WARN_ABOUT_RETURN_TYPE = YES_ERROR;
				GCC_WARN_UNDECLARED_SELECTOR = YES;
				GCC_WARN_UNINITIALIZED_AUTOS = YES_AGGRESSIVE;
				GCC_WARN_UNUSED_FUNCTION = YES;
				GCC_WARN_UNUSED_VARIABLE = YES;
				IPHONEOS_DEPLOYMENT_TARGET = 13.0;
				MTL_ENABLE_DEBUG_INFO = INCLUDE_SOURCE;
				MTL_FAST_MATH = YES;
				ONLY_ACTIVE_ARCH = YES;
				SDKROOT = iphoneos;
				SWIFT_ACTIVE_COMPILATION_CONDITIONS = DEBUG;
				SWIFT_OPTIMIZATION_LEVEL = "-Onone";
			};
			name = Debug;
		};
		FCC86FF5236B51850097742D /* Release */ = {
			isa = XCBuildConfiguration;
			buildSettings = {
				ALWAYS_SEARCH_USER_PATHS = NO;
				CLANG_ANALYZER_NONNULL = YES;
				CLANG_ANALYZER_NUMBER_OBJECT_CONVERSION = YES_AGGRESSIVE;
				CLANG_CXX_LANGUAGE_STANDARD = "gnu++14";
				CLANG_CXX_LIBRARY = "libc++";
				CLANG_ENABLE_MODULES = YES;
				CLANG_ENABLE_OBJC_ARC = YES;
				CLANG_ENABLE_OBJC_WEAK = YES;
				CLANG_WARN_BLOCK_CAPTURE_AUTORELEASING = YES;
				CLANG_WARN_BOOL_CONVERSION = YES;
				CLANG_WARN_COMMA = YES;
				CLANG_WARN_CONSTANT_CONVERSION = YES;
				CLANG_WARN_DEPRECATED_OBJC_IMPLEMENTATIONS = YES;
				CLANG_WARN_DIRECT_OBJC_ISA_USAGE = YES_ERROR;
				CLANG_WARN_DOCUMENTATION_COMMENTS = YES;
				CLANG_WARN_EMPTY_BODY = YES;
				CLANG_WARN_ENUM_CONVERSION = YES;
				CLANG_WARN_INFINITE_RECURSION = YES;
				CLANG_WARN_INT_CONVERSION = YES;
				CLANG_WARN_NON_LITERAL_NULL_CONVERSION = YES;
				CLANG_WARN_OBJC_IMPLICIT_RETAIN_SELF = YES;
				CLANG_WARN_OBJC_LITERAL_CONVERSION = YES;
				CLANG_WARN_OBJC_ROOT_CLASS = YES_ERROR;
				CLANG_WARN_RANGE_LOOP_ANALYSIS = YES;
				CLANG_WARN_STRICT_PROTOTYPES = YES;
				CLANG_WARN_SUSPICIOUS_MOVE = YES;
				CLANG_WARN_UNGUARDED_AVAILABILITY = YES_AGGRESSIVE;
				CLANG_WARN_UNREACHABLE_CODE = YES;
				CLANG_WARN__DUPLICATE_METHOD_MATCH = YES;
				COPY_PHASE_STRIP = NO;
				DEBUG_INFORMATION_FORMAT = "dwarf-with-dsym";
				ENABLE_NS_ASSERTIONS = NO;
				ENABLE_STRICT_OBJC_MSGSEND = YES;
				GCC_C_LANGUAGE_STANDARD = gnu11;
				GCC_NO_COMMON_BLOCKS = YES;
				GCC_WARN_64_TO_32_BIT_CONVERSION = YES;
				GCC_WARN_ABOUT_RETURN_TYPE = YES_ERROR;
				GCC_WARN_UNDECLARED_SELECTOR = YES;
				GCC_WARN_UNINITIALIZED_AUTOS = YES_AGGRESSIVE;
				GCC_WARN_UNUSED_FUNCTION = YES;
				GCC_WARN_UNUSED_VARIABLE = YES;
				IPHONEOS_DEPLOYMENT_TARGET = 13.0;
				MTL_ENABLE_DEBUG_INFO = NO;
				MTL_FAST_MATH = YES;
				SDKROOT = iphoneos;
				SWIFT_COMPILATION_MODE = wholemodule;
				SWIFT_OPTIMIZATION_LEVEL = "-O";
				VALIDATE_PRODUCT = YES;
			};
			name = Release;
		};
		FCC86FF7236B51850097742D /* Debug */ = {
			isa = XCBuildConfiguration;
			buildSettings = {
				ASSETCATALOG_COMPILER_APPICON_NAME = AppIcon;
				CODE_SIGN_STYLE = Automatic;
				DEVELOPMENT_TEAM = "";
				INFOPLIST_FILE = "ml-practice/Info.plist";
				LD_RUNPATH_SEARCH_PATHS = (
					"$(inherited)",
					"@executable_path/Frameworks",
				);
				PRODUCT_BUNDLE_IDENTIFIER = "com-example.ml-practice";
				PRODUCT_NAME = "$(TARGET_NAME)";
				SWIFT_VERSION = 5.0;
				TARGETED_DEVICE_FAMILY = "1,2";
			};
			name = Debug;
		};
		FCC86FF8236B51850097742D /* Release */ = {
			isa = XCBuildConfiguration;
			buildSettings = {
				ASSETCATALOG_COMPILER_APPICON_NAME = AppIcon;
				CODE_SIGN_STYLE = Automatic;
				DEVELOPMENT_TEAM = "";
				INFOPLIST_FILE = "ml-practice/Info.plist";
				LD_RUNPATH_SEARCH_PATHS = (
					"$(inherited)",
					"@executable_path/Frameworks",
				);
				PRODUCT_BUNDLE_IDENTIFIER = "com-example.ml-practice";
				PRODUCT_NAME = "$(TARGET_NAME)";
				SWIFT_VERSION = 5.0;
				TARGETED_DEVICE_FAMILY = "1,2";
			};
			name = Release;
		};
/* End XCBuildConfiguration section */

/* Begin XCConfigurationList section */
		FCC86FDD236B517B0097742D /* Build configuration list for PBXProject "ml-practice" */ = {
			isa = XCConfigurationList;
			buildConfigurations = (
				FCC86FF4236B51850097742D /* Debug */,
				FCC86FF5236B51850097742D /* Release */,
			);
			defaultConfigurationIsVisible = 0;
			defaultConfigurationName = Release;
		};
		FCC86FF6236B51850097742D /* Build configuration list for PBXNativeTarget "ml-practice" */ = {
			isa = XCConfigurationList;
			buildConfigurations = (
				FCC86FF7236B51850097742D /* Debug */,
				FCC86FF8236B51850097742D /* Release */,
			);
			defaultConfigurationIsVisible = 0;
			defaultConfigurationName = Release;
		};
/* End XCConfigurationList section */
	};
	rootObject = FCC86FDA236B517B0097742D /* Project object */;
}
